// !$*UTF8*$!
{
	archiveVersion = 1;
	classes = {
	};
	objectVersion = 56;
	objects = {

/* Begin PBXBuildFile section */
		684F01A32C81297C0038C48B /* AllListsViewController.swift in Sources */ = {isa = PBXBuildFile; fileRef = 684F01A22C81297C0038C48B /* AllListsViewController.swift */; };
		684F01A52C812F890038C48B /* Checklist.swift in Sources */ = {isa = PBXBuildFile; fileRef = 684F01A42C812F890038C48B /* Checklist.swift */; };
		684F01A72C8134630038C48B /* ListDetailViewController.swift in Sources */ = {isa = PBXBuildFile; fileRef = 684F01A62C8134630038C48B /* ListDetailViewController.swift */; };
		68923F702C7D276900573481 /* AppDelegate.swift in Sources */ = {isa = PBXBuildFile; fileRef = 68923F6F2C7D276900573481 /* AppDelegate.swift */; };
		68923F722C7D276900573481 /* SceneDelegate.swift in Sources */ = {isa = PBXBuildFile; fileRef = 68923F712C7D276900573481 /* SceneDelegate.swift */; };
		68923F742C7D276900573481 /* ChecklistViewController.swift in Sources */ = {isa = PBXBuildFile; fileRef = 68923F732C7D276900573481 /* ChecklistViewController.swift */; };
		68923F772C7D276900573481 /* Base in Resources */ = {isa = PBXBuildFile; fileRef = 68923F762C7D276900573481 /* Base */; };
		68923F792C7D276C00573481 /* Assets.xcassets in Resources */ = {isa = PBXBuildFile; fileRef = 68923F782C7D276C00573481 /* Assets.xcassets */; };
		68923F842C7D446600573481 /* ChecklistItem.swift in Sources */ = {isa = PBXBuildFile; fileRef = 68923F832C7D446600573481 /* ChecklistItem.swift */; };
		68923F862C7D53A500573481 /* ItemDetailViewController.swift in Sources */ = {isa = PBXBuildFile; fileRef = 68923F852C7D53A500573481 /* ItemDetailViewController.swift */; };
		68B5B7CF2C852B21001611B2 /* IconPickerViewController.swift in Sources */ = {isa = PBXBuildFile; fileRef = 68B5B7CE2C852B21001611B2 /* IconPickerViewController.swift */; };
		68DDDA022C81F2E500EF307C /* DataModel.swift in Sources */ = {isa = PBXBuildFile; fileRef = 68DDDA012C81F2E500EF307C /* DataModel.swift */; };
/* End PBXBuildFile section */

/* Begin PBXFileReference section */
		684F01A22C81297C0038C48B /* AllListsViewController.swift */ = {isa = PBXFileReference; lastKnownFileType = sourcecode.swift; path = AllListsViewController.swift; sourceTree = "<group>"; };
		684F01A42C812F890038C48B /* Checklist.swift */ = {isa = PBXFileReference; lastKnownFileType = sourcecode.swift; path = Checklist.swift; sourceTree = "<group>"; };
		684F01A62C8134630038C48B /* ListDetailViewController.swift */ = {isa = PBXFileReference; lastKnownFileType = sourcecode.swift; path = ListDetailViewController.swift; sourceTree = "<group>"; };
		68923F6C2C7D276900573481 /* Checklists.app */ = {isa = PBXFileReference; explicitFileType = wrapper.application; includeInIndex = 0; path = Checklists.app; sourceTree = BUILT_PRODUCTS_DIR; };
		68923F6F2C7D276900573481 /* AppDelegate.swift */ = {isa = PBXFileReference; lastKnownFileType = sourcecode.swift; path = AppDelegate.swift; sourceTree = "<group>"; };
		68923F712C7D276900573481 /* SceneDelegate.swift */ = {isa = PBXFileReference; lastKnownFileType = sourcecode.swift; path = SceneDelegate.swift; sourceTree = "<group>"; };
		68923F732C7D276900573481 /* ChecklistViewController.swift */ = {isa = PBXFileReference; lastKnownFileType = sourcecode.swift; path = ChecklistViewController.swift; sourceTree = "<group>"; };
		68923F762C7D276900573481 /* Base */ = {isa = PBXFileReference; lastKnownFileType = file.storyboard; name = Base; path = Base.lproj/Main.storyboard; sourceTree = "<group>"; };
		68923F782C7D276C00573481 /* Assets.xcassets */ = {isa = PBXFileReference; lastKnownFileType = folder.assetcatalog; path = Assets.xcassets; sourceTree = "<group>"; };
		68923F7D2C7D276C00573481 /* Info.plist */ = {isa = PBXFileReference; lastKnownFileType = text.plist.xml; path = Info.plist; sourceTree = "<group>"; };
		68923F832C7D446600573481 /* ChecklistItem.swift */ = {isa = PBXFileReference; lastKnownFileType = sourcecode.swift; path = ChecklistItem.swift; sourceTree = "<group>"; };
		68923F852C7D53A500573481 /* ItemDetailViewController.swift */ = {isa = PBXFileReference; lastKnownFileType = sourcecode.swift; path = ItemDetailViewController.swift; sourceTree = "<group>"; };
		68B5B7CE2C852B21001611B2 /* IconPickerViewController.swift */ = {isa = PBXFileReference; lastKnownFileType = sourcecode.swift; path = IconPickerViewController.swift; sourceTree = "<group>"; };
		68DDDA012C81F2E500EF307C /* DataModel.swift */ = {isa = PBXFileReference; lastKnownFileType = sourcecode.swift; path = DataModel.swift; sourceTree = "<group>"; };
/* End PBXFileReference section */

/* Begin PBXFrameworksBuildPhase section */
		68923F692C7D276900573481 /* Frameworks */ = {
			isa = PBXFrameworksBuildPhase;
			buildActionMask = 2147483647;
			files = (
			);
			runOnlyForDeploymentPostprocessing = 0;
		};
/* End PBXFrameworksBuildPhase section */

/* Begin PBXGroup section */
		68923F632C7D276900573481 = {
			isa = PBXGroup;
			children = (
				68923F6E2C7D276900573481 /* Checklists */,
				68923F6D2C7D276900573481 /* Products */,
			);
			sourceTree = "<group>";
		};
		68923F6D2C7D276900573481 /* Products */ = {
			isa = PBXGroup;
			children = (
				68923F6C2C7D276900573481 /* Checklists.app */,
			);
			name = Products;
			sourceTree = "<group>";
		};
		68923F6E2C7D276900573481 /* Checklists */ = {
			isa = PBXGroup;
			children = (
				68B5B7C92C851F22001611B2 /* Data Models */,
				68B5B7CA2C851F38001611B2 /* View Controllers */,
				68B5B7CB2C851F54001611B2 /* App Delegates */,
				68B5B7CC2C851F6B001611B2 /* Storyboards */,
				68B5B7CD2C851F77001611B2 /* Resources */,
			);
			path = Checklists;
			sourceTree = "<group>";
		};
		68B5B7C92C851F22001611B2 /* Data Models */ = {
			isa = PBXGroup;
			children = (
				684F01A42C812F890038C48B /* Checklist.swift */,
				68923F832C7D446600573481 /* ChecklistItem.swift */,
				68DDDA012C81F2E500EF307C /* DataModel.swift */,
			);
			path = "Data Models";
			sourceTree = "<group>";
		};
		68B5B7CA2C851F38001611B2 /* View Controllers */ = {
			isa = PBXGroup;
			children = (
				684F01A22C81297C0038C48B /* AllListsViewController.swift */,
				68923F732C7D276900573481 /* ChecklistViewController.swift */,
				68923F852C7D53A500573481 /* ItemDetailViewController.swift */,
				684F01A62C8134630038C48B /* ListDetailViewController.swift */,
				68B5B7CE2C852B21001611B2 /* IconPickerViewController.swift */,
			);
			path = "View Controllers";
			sourceTree = "<group>";
		};
		68B5B7CB2C851F54001611B2 /* App Delegates */ = {
			isa = PBXGroup;
			children = (
				68923F6F2C7D276900573481 /* AppDelegate.swift */,
				68923F712C7D276900573481 /* SceneDelegate.swift */,
			);
			path = "App Delegates";
			sourceTree = "<group>";
		};
		68B5B7CC2C851F6B001611B2 /* Storyboards */ = {
			isa = PBXGroup;
			children = (
				68923F752C7D276900573481 /* Main.storyboard */,
			);
			path = Storyboards;
			sourceTree = "<group>";
		};
		68B5B7CD2C851F77001611B2 /* Resources */ = {
			isa = PBXGroup;
			children = (
				68923F7D2C7D276C00573481 /* Info.plist */,
				68923F782C7D276C00573481 /* Assets.xcassets */,
			);
			path = Resources;
			sourceTree = "<group>";
		};
/* End PBXGroup section */

/* Begin PBXNativeTarget section */
		68923F6B2C7D276900573481 /* Checklists */ = {
			isa = PBXNativeTarget;
			buildConfigurationList = 68923F802C7D276C00573481 /* Build configuration list for PBXNativeTarget "Checklists" */;
			buildPhases = (
				68923F682C7D276900573481 /* Sources */,
				68923F692C7D276900573481 /* Frameworks */,
				68923F6A2C7D276900573481 /* Resources */,
			);
			buildRules = (
			);
			dependencies = (
			);
			name = Checklists;
			productName = Checklists;
			productReference = 68923F6C2C7D276900573481 /* Checklists.app */;
			productType = "com.apple.product-type.application";
		};
/* End PBXNativeTarget section */

/* Begin PBXProject section */
		68923F642C7D276900573481 /* Project object */ = {
			isa = PBXProject;
			attributes = {
				BuildIndependentTargetsInParallel = 1;
				LastSwiftUpdateCheck = 1540;
				LastUpgradeCheck = 1540;
				TargetAttributes = {
					68923F6B2C7D276900573481 = {
						CreatedOnToolsVersion = 15.4;
					};
				};
			};
			buildConfigurationList = 68923F672C7D276900573481 /* Build configuration list for PBXProject "Checklists" */;
			compatibilityVersion = "Xcode 14.0";
			developmentRegion = en;
			hasScannedForEncodings = 0;
			knownRegions = (
				en,
				Base,
			);
			mainGroup = 68923F632C7D276900573481;
			productRefGroup = 68923F6D2C7D276900573481 /* Products */;
			projectDirPath = "";
			projectRoot = "";
			targets = (
				68923F6B2C7D276900573481 /* Checklists */,
			);
		};
/* End PBXProject section */

/* Begin PBXResourcesBuildPhase section */
		68923F6A2C7D276900573481 /* Resources */ = {
			isa = PBXResourcesBuildPhase;
			buildActionMask = 2147483647;
			files = (
				68923F792C7D276C00573481 /* Assets.xcassets in Resources */,
				68923F772C7D276900573481 /* Base in Resources */,
			);
			runOnlyForDeploymentPostprocessing = 0;
		};
/* End PBXResourcesBuildPhase section */

/* Begin PBXSourcesBuildPhase section */
		68923F682C7D276900573481 /* Sources */ = {
			isa = PBXSourcesBuildPhase;
			buildActionMask = 2147483647;
			files = (
				68923F862C7D53A500573481 /* ItemDetailViewController.swift in Sources */,
				68923F742C7D276900573481 /* ChecklistViewController.swift in Sources */,
				684F01A32C81297C0038C48B /* AllListsViewController.swift in Sources */,
				68B5B7CF2C852B21001611B2 /* IconPickerViewController.swift in Sources */,
				68923F702C7D276900573481 /* AppDelegate.swift in Sources */,
				68923F722C7D276900573481 /* SceneDelegate.swift in Sources */,
				68923F842C7D446600573481 /* ChecklistItem.swift in Sources */,
				684F01A52C812F890038C48B /* Checklist.swift in Sources */,
				684F01A72C8134630038C48B /* ListDetailViewController.swift in Sources */,
				68DDDA022C81F2E500EF307C /* DataModel.swift in Sources */,
			);
			runOnlyForDeploymentPostprocessing = 0;
		};
/* End PBXSourcesBuildPhase section */

/* Begin PBXVariantGroup section */
		68923F752C7D276900573481 /* Main.storyboard */ = {
			isa = PBXVariantGroup;
			children = (
				68923F762C7D276900573481 /* Base */,
			);
			name = Main.storyboard;
			sourceTree = "<group>";
		};
/* End PBXVariantGroup section */

/* Begin XCBuildConfiguration section */
		68923F7E2C7D276C00573481 /* Debug */ = {
			isa = XCBuildConfiguration;
			buildSettings = {
				ALWAYS_SEARCH_USER_PATHS = NO;
				ASSETCATALOG_COMPILER_GENERATE_SWIFT_ASSET_SYMBOL_EXTENSIONS = YES;
				CLANG_ANALYZER_NONNULL = YES;
				CLANG_ANALYZER_NUMBER_OBJECT_CONVERSION = YES_AGGRESSIVE;
				CLANG_CXX_LANGUAGE_STANDARD = "gnu++20";
				CLANG_ENABLE_MODULES = YES;
				CLANG_ENABLE_OBJC_ARC = YES;
				CLANG_ENABLE_OBJC_WEAK = YES;
				CLANG_WARN_BLOCK_CAPTURE_AUTORELEASING = YES;
				CLANG_WARN_BOOL_CONVERSION = YES;
				CLANG_WARN_COMMA = YES;
				CLANG_WARN_CONSTANT_CONVERSION = YES;
				CLANG_WARN_DEPRECATED_OBJC_IMPLEMENTATIONS = YES;
				CLANG_WARN_DIRECT_OBJC_ISA_USAGE = YES_ERROR;
				CLANG_WARN_DOCUMENTATION_COMMENTS = YES;
				CLANG_WARN_EMPTY_BODY = YES;
				CLANG_WARN_ENUM_CONVERSION = YES;
				CLANG_WARN_INFINITE_RECURSION = YES;
				CLANG_WARN_INT_CONVERSION = YES;
				CLANG_WARN_NON_LITERAL_NULL_CONVERSION = YES;
				CLANG_WARN_OBJC_IMPLICIT_RETAIN_SELF = YES;
				CLANG_WARN_OBJC_LITERAL_CONVERSION = YES;
				CLANG_WARN_OBJC_ROOT_CLASS = YES_ERROR;
				CLANG_WARN_QUOTED_INCLUDE_IN_FRAMEWORK_HEADER = YES;
				CLANG_WARN_RANGE_LOOP_ANALYSIS = YES;
				CLANG_WARN_STRICT_PROTOTYPES = YES;
				CLANG_WARN_SUSPICIOUS_MOVE = YES;
				CLANG_WARN_UNGUARDED_AVAILABILITY = YES_AGGRESSIVE;
				CLANG_WARN_UNREACHABLE_CODE = YES;
				CLANG_WARN__DUPLICATE_METHOD_MATCH = YES;
				COPY_PHASE_STRIP = NO;
				DEBUG_INFORMATION_FORMAT = dwarf;
				ENABLE_STRICT_OBJC_MSGSEND = YES;
				ENABLE_TESTABILITY = YES;
				ENABLE_USER_SCRIPT_SANDBOXING = YES;
				GCC_C_LANGUAGE_STANDARD = gnu17;
				GCC_DYNAMIC_NO_PIC = NO;
				GCC_NO_COMMON_BLOCKS = YES;
				GCC_OPTIMIZATION_LEVEL = 0;
				GCC_PREPROCESSOR_DEFINITIONS = (
					"DEBUG=1",
					"$(inherited)",
				);
				GCC_WARN_64_TO_32_BIT_CONVERSION = YES;
				GCC_WARN_ABOUT_RETURN_TYPE = YES_ERROR;
				GCC_WARN_UNDECLARED_SELECTOR = YES;
				GCC_WARN_UNINITIALIZED_AUTOS = YES_AGGRESSIVE;
				GCC_WARN_UNUSED_FUNCTION = YES;
				GCC_WARN_UNUSED_VARIABLE = YES;
				IPHONEOS_DEPLOYMENT_TARGET = 17.5;
				LOCALIZATION_PREFERS_STRING_CATALOGS = YES;
				MTL_ENABLE_DEBUG_INFO = INCLUDE_SOURCE;
				MTL_FAST_MATH = YES;
				ONLY_ACTIVE_ARCH = YES;
				SDKROOT = iphoneos;
				SWIFT_ACTIVE_COMPILATION_CONDITIONS = "DEBUG $(inherited)";
				SWIFT_OPTIMIZATION_LEVEL = "-Onone";
			};
			name = Debug;
		};
		68923F7F2C7D276C00573481 /* Release */ = {
			isa = XCBuildConfiguration;
			buildSettings = {
				ALWAYS_SEARCH_USER_PATHS = NO;
				ASSETCATALOG_COMPILER_GENERATE_SWIFT_ASSET_SYMBOL_EXTENSIONS = YES;
				CLANG_ANALYZER_NONNULL = YES;
				CLANG_ANALYZER_NUMBER_OBJECT_CONVERSION = YES_AGGRESSIVE;
				CLANG_CXX_LANGUAGE_STANDARD = "gnu++20";
				CLANG_ENABLE_MODULES = YES;
				CLANG_ENABLE_OBJC_ARC = YES;
				CLANG_ENABLE_OBJC_WEAK = YES;
				CLANG_WARN_BLOCK_CAPTURE_AUTORELEASING = YES;
				CLANG_WARN_BOOL_CONVERSION = YES;
				CLANG_WARN_COMMA = YES;
				CLANG_WARN_CONSTANT_CONVERSION = YES;
				CLANG_WARN_DEPRECATED_OBJC_IMPLEMENTATIONS = YES;
				CLANG_WARN_DIRECT_OBJC_ISA_USAGE = YES_ERROR;
				CLANG_WARN_DOCUMENTATION_COMMENTS = YES;
				CLANG_WARN_EMPTY_BODY = YES;
				CLANG_WARN_ENUM_CONVERSION = YES;
				CLANG_WARN_INFINITE_RECURSION = YES;
				CLANG_WARN_INT_CONVERSION = YES;
				CLANG_WARN_NON_LITERAL_NULL_CONVERSION = YES;
				CLANG_WARN_OBJC_IMPLICIT_RETAIN_SELF = YES;
				CLANG_WARN_OBJC_LITERAL_CONVERSION = YES;
				CLANG_WARN_OBJC_ROOT_CLASS = YES_ERROR;
				CLANG_WARN_QUOTED_INCLUDE_IN_FRAMEWORK_HEADER = YES;
				CLANG_WARN_RANGE_LOOP_ANALYSIS = YES;
				CLANG_WARN_STRICT_PROTOTYPES = YES;
				CLANG_WARN_SUSPICIOUS_MOVE = YES;
				CLANG_WARN_UNGUARDED_AVAILABILITY = YES_AGGRESSIVE;
				CLANG_WARN_UNREACHABLE_CODE = YES;
				CLANG_WARN__DUPLICATE_METHOD_MATCH = YES;
				COPY_PHASE_STRIP = NO;
				DEBUG_INFORMATION_FORMAT = "dwarf-with-dsym";
				ENABLE_NS_ASSERTIONS = NO;
				ENABLE_STRICT_OBJC_MSGSEND = YES;
				ENABLE_USER_SCRIPT_SANDBOXING = YES;
				GCC_C_LANGUAGE_STANDARD = gnu17;
				GCC_NO_COMMON_BLOCKS = YES;
				GCC_WARN_64_TO_32_BIT_CONVERSION = YES;
				GCC_WARN_ABOUT_RETURN_TYPE = YES_ERROR;
				GCC_WARN_UNDECLARED_SELECTOR = YES;
				GCC_WARN_UNINITIALIZED_AUTOS = YES_AGGRESSIVE;
				GCC_WARN_UNUSED_FUNCTION = YES;
				GCC_WARN_UNUSED_VARIABLE = YES;
				IPHONEOS_DEPLOYMENT_TARGET = 17.5;
				LOCALIZATION_PREFERS_STRING_CATALOGS = YES;
				MTL_ENABLE_DEBUG_INFO = NO;
				MTL_FAST_MATH = YES;
				SDKROOT = iphoneos;
				SWIFT_COMPILATION_MODE = wholemodule;
				VALIDATE_PRODUCT = YES;
			};
			name = Release;
		};
		68923F812C7D276C00573481 /* Debug */ = {
			isa = XCBuildConfiguration;
			buildSettings = {
				ASSETCATALOG_COMPILER_APPICON_NAME = AppIcon;
				ASSETCATALOG_COMPILER_GLOBAL_ACCENT_COLOR_NAME = AccentColor;
				CODE_SIGN_STYLE = Automatic;
				CURRENT_PROJECT_VERSION = 1;
				DEVELOPMENT_TEAM = 54L66DHDVH;
				GENERATE_INFOPLIST_FILE = YES;
				INFOPLIST_FILE = Checklists/Resources/Info.plist;
				INFOPLIST_KEY_UIApplicationSupportsIndirectInputEvents = YES;
				INFOPLIST_KEY_UILaunchStoryboardName = Main.storyboard;
				INFOPLIST_KEY_UIMainStoryboardFile = Main;
				INFOPLIST_KEY_UISupportedInterfaceOrientations = UIInterfaceOrientationPortrait;
				LD_RUNPATH_SEARCH_PATHS = (
					"$(inherited)",
					"@executable_path/Frameworks",
				);
				MARKETING_VERSION = 1.0;
				PRODUCT_BUNDLE_IDENTIFIER = com.mohsinaliayub.Checklists;
				PRODUCT_NAME = "$(TARGET_NAME)";
				SWIFT_EMIT_LOC_STRINGS = YES;
				SWIFT_VERSION = 5.0;
				TARGETED_DEVICE_FAMILY = "1,2";
			};
			name = Debug;
		};
		68923F822C7D276C00573481 /* Release */ = {
			isa = XCBuildConfiguration;
			buildSettings = {
				ASSETCATALOG_COMPILER_APPICON_NAME = AppIcon;
				ASSETCATALOG_COMPILER_GLOBAL_ACCENT_COLOR_NAME = AccentColor;
				CODE_SIGN_STYLE = Automatic;
				CURRENT_PROJECT_VERSION = 1;
				DEVELOPMENT_TEAM = 54L66DHDVH;
				GENERATE_INFOPLIST_FILE = YES;
				INFOPLIST_FILE = Checklists/Resources/Info.plist;
				INFOPLIST_KEY_UIApplicationSupportsIndirectInputEvents = YES;
				INFOPLIST_KEY_UILaunchStoryboardName = Main.storyboard;
				INFOPLIST_KEY_UIMainStoryboardFile = Main;
				INFOPLIST_KEY_UISupportedInterfaceOrientations = UIInterfaceOrientationPortrait;
				LD_RUNPATH_SEARCH_PATHS = (
					"$(inherited)",
					"@executable_path/Frameworks",
				);
				MARKETING_VERSION = 1.0;
				PRODUCT_BUNDLE_IDENTIFIER = com.mohsinaliayub.Checklists;
				PRODUCT_NAME = "$(TARGET_NAME)";
				SWIFT_EMIT_LOC_STRINGS = YES;
				SWIFT_VERSION = 5.0;
				TARGETED_DEVICE_FAMILY = "1,2";
			};
			name = Release;
		};
/* End XCBuildConfiguration section */

/* Begin XCConfigurationList section */
		68923F672C7D276900573481 /* Build configuration list for PBXProject "Checklists" */ = {
			isa = XCConfigurationList;
			buildConfigurations = (
				68923F7E2C7D276C00573481 /* Debug */,
				68923F7F2C7D276C00573481 /* Release */,
			);
			defaultConfigurationIsVisible = 0;
			defaultConfigurationName = Release;
		};
		68923F802C7D276C00573481 /* Build configuration list for PBXNativeTarget "Checklists" */ = {
			isa = XCConfigurationList;
			buildConfigurations = (
				68923F812C7D276C00573481 /* Debug */,
				68923F822C7D276C00573481 /* Release */,
			);
			defaultConfigurationIsVisible = 0;
			defaultConfigurationName = Release;
		};
/* End XCConfigurationList section */
	};
	rootObject = 68923F642C7D276900573481 /* Project object */;
}
